
Microsoft Visual Studio Solution File, Format Version 12.00
# Visual Studio 15
VisualStudioVersion = 15.0.26730.10
MinimumVisualStudioVersion = 10.0.40219.1
Project("{9A19103F-16F7-4668-BE54-9A1E7A4F7556}") = "Server", "Server\Server.csproj", "{CC837C72-6490-42B7-ABC4-889F8F956300}"
EndProject
Project("{9A19103F-16F7-4668-BE54-9A1E7A4F7556}") = "huypq.SmtMiddleware", "..\..\huypq.SmtMiddleware\huypq.SmtMiddleware\huypq.SmtMiddleware.csproj", "{7D6E1F6D-B364-45FB-9444-92766A6FB167}"
EndProject
Project("{9A19103F-16F7-4668-BE54-9A1E7A4F7556}") = "huypq.SmtShared", "..\..\huypq.SmtShared\huypq.SmtShared\huypq.SmtShared.csproj", "{CDBFEAFD-C22F-4048-81BF-6DD129B2E14A}"
EndProject
Project("{9A19103F-16F7-4668-BE54-9A1E7A4F7556}") = "Shared", "..\Shared\Shared\Shared.csproj", "{3B48ABA8-C55D-4CD0-942A-F9D7F9F90350}"
EndProject
Project("{9A19103F-16F7-4668-BE54-9A1E7A4F7556}") = "huypq.Crypto", "..\..\huypq.dotnet.lib\huypq.Crypto\huypq.Crypto\huypq.Crypto.csproj", "{D8859DA8-3798-4DCC-8577-2E5F7050C260}"
EndProject
Project("{9A19103F-16F7-4668-BE54-9A1E7A4F7556}") = "huypq.QueryBuilder", "..\..\huypq.dotnet.lib\huypq.QueryBuilder\huypq.QueryBuilder\huypq.QueryBuilder.csproj", "{AF69775A-72C5-4ED2-9DE0-0530D33A6918}"
EndProject
Project("{9A19103F-16F7-4668-BE54-9A1E7A4F7556}") = "huypq.Logging", "..\..\huypq.dotnet.lib\huypq.Logging\huypq.Logging\huypq.Logging.csproj", "{217E2D31-7217-48D2-81D4-051E9197E537}"
EndProject
Project("{00D1A9C2-B5F0-4AF3-8072-F6C62B433612}") = "Database", "Database\Database.sqlproj", "{1EE5C1EA-1D8E-48C6-9889-600FC93AB0F2}"
EndProject
Global
	GlobalSection(SolutionConfigurationPlatforms) = preSolution
		Debug|Any CPU = Debug|Any CPU
		Release|Any CPU = Release|Any CPU
	EndGlobalSection
	GlobalSection(ProjectConfigurationPlatforms) = postSolution
		{CC837C72-6490-42B7-ABC4-889F8F956300}.Debug|Any CPU.ActiveCfg = Debug|Any CPU
		{CC837C72-6490-42B7-ABC4-889F8F956300}.Debug|Any CPU.Build.0 = Debug|Any CPU
		{CC837C72-6490-42B7-ABC4-889F8F956300}.Release|Any CPU.ActiveCfg = Release|Any CPU
		{CC837C72-6490-42B7-ABC4-889F8F956300}.Release|Any CPU.Build.0 = Release|Any CPU
		{7D6E1F6D-B364-45FB-9444-92766A6FB167}.Debug|Any CPU.ActiveCfg = Debug|Any CPU
		{7D6E1F6D-B364-45FB-9444-92766A6FB167}.Debug|Any CPU.Build.0 = Debug|Any CPU
		{7D6E1F6D-B364-45FB-9444-92766A6FB167}.Release|Any CPU.ActiveCfg = Release|Any CPU
		{7D6E1F6D-B364-45FB-9444-92766A6FB167}.Release|Any CPU.Build.0 = Release|Any CPU
		{CDBFEAFD-C22F-4048-81BF-6DD129B2E14A}.Debug|Any CPU.ActiveCfg = Debug|Any CPU
		{CDBFEAFD-C22F-4048-81BF-6DD129B2E14A}.Debug|Any CPU.Build.0 = Debug|Any CPU
		{CDBFEAFD-C22F-4048-81BF-6DD129B2E14A}.Release|Any CPU.ActiveCfg = Release|Any CPU
		{CDBFEAFD-C22F-4048-81BF-6DD129B2E14A}.Release|Any CPU.Build.0 = Release|Any CPU
		{3B48ABA8-C55D-4CD0-942A-F9D7F9F90350}.Debug|Any CPU.ActiveCfg = Debug|Any CPU
		{3B48ABA8-C55D-4CD0-942A-F9D7F9F90350}.Debug|Any CPU.Build.0 = Debug|Any CPU
		{3B48ABA8-C55D-4CD0-942A-F9D7F9F90350}.Release|Any CPU.ActiveCfg = Release|Any CPU
		{3B48ABA8-C55D-4CD0-942A-F9D7F9F90350}.Release|Any CPU.Build.0 = Release|Any CPU
		{D8859DA8-3798-4DCC-8577-2E5F7050C260}.Debug|Any CPU.ActiveCfg = Debug|Any CPU
		{D8859DA8-3798-4DCC-8577-2E5F7050C260}.Debug|Any CPU.Build.0 = Debug|Any CPU
		{D8859DA8-3798-4DCC-8577-2E5F7050C260}.Release|Any CPU.ActiveCfg = Release|Any CPU
		{D8859DA8-3798-4DCC-8577-2E5F7050C260}.Release|Any CPU.Build.0 = Release|Any CPU
		{AF69775A-72C5-4ED2-9DE0-0530D33A6918}.Debug|Any CPU.ActiveCfg = Debug|Any CPU
		{AF69775A-72C5-4ED2-9DE0-0530D33A6918}.Debug|Any CPU.Build.0 = Debug|Any CPU
		{AF69775A-72C5-4ED2-9DE0-0530D33A6918}.Release|Any CPU.ActiveCfg = Release|Any CPU
		{AF69775A-72C5-4ED2-9DE0-0530D33A6918}.Release|Any CPU.Build.0 = Release|Any CPU
		{217E2D31-7217-48D2-81D4-051E9197E537}.Debug|Any CPU.ActiveCfg = Debug|Any CPU
		{217E2D31-7217-48D2-81D4-051E9197E537}.Debug|Any CPU.Build.0 = Debug|Any CPU
		{217E2D31-7217-48D2-81D4-051E9197E537}.Release|Any CPU.ActiveCfg = Release|Any CPU
		{217E2D31-7217-48D2-81D4-051E9197E537}.Release|Any CPU.Build.0 = Release|Any CPU
		{1EE5C1EA-1D8E-48C6-9889-600FC93AB0F2}.Debug|Any CPU.ActiveCfg = Debug|Any CPU
		{1EE5C1EA-1D8E-48C6-9889-600FC93AB0F2}.Debug|Any CPU.Build.0 = Debug|Any CPU
		{1EE5C1EA-1D8E-48C6-9889-600FC93AB0F2}.Debug|Any CPU.Deploy.0 = Debug|Any CPU
		{1EE5C1EA-1D8E-48C6-9889-600FC93AB0F2}.Release|Any CPU.ActiveCfg = Release|Any CPU
		{1EE5C1EA-1D8E-48C6-9889-600FC93AB0F2}.Release|Any CPU.Build.0 = Release|Any CPU
		{1EE5C1EA-1D8E-48C6-9889-600FC93AB0F2}.Release|Any CPU.Deploy.0 = Release|Any CPU
	EndGlobalSection
	GlobalSection(SolutionProperties) = preSolution
		HideSolutionNode = FALSE
	EndGlobalSection
	GlobalSection(ExtensibilityGlobals) = postSolution
		SolutionGuid = {52D3CE88-84EB-4770-8686-AE331A096BC2}
	EndGlobalSection
EndGlobal
